# THIS IS AN AUTOGENERATED FILE. DO NOT EDIT THIS FILE DIRECTLY.
# yarn lockfile v1


"@goodforonefare/solo-dependency-1@0.0.1":
  version "0.0.1"
  resolved "https://registry.yarnpkg.com/@goodforonefare/solo-dependency-1/-/solo-dependency-1-0.0.1.tgz#e397a4661743b04744e3a8c29bdf3324d5037af5"

"@goodforonefare/solo-dependency-consumer@0.0.1":
  version "0.0.1"
  resolved "https://registry.yarnpkg.com/@goodforonefare/solo-dependency-consumer/-/solo-dependency-consumer-0.0.1.tgz#eaf1c6b0cfdb4c1b65affab0b9f2a03863debc68"
  optionalDependencies:
    "@goodforonefare/solo-dependency-1" "0.0.1"
